
Microsoft Visual Studio Solution File, Format Version 12.00
# Visual Studio Version 17
Project("{8BC9CEB8-8B4A-11D0-8D11-00A0C91BC942}") = "ALL_BUILD", "ALL_BUILD.vcxproj", "{055A5B8C-EBCD-3B62-883C-4641998A8320}"
	ProjectSection(ProjectDependencies) = postProject
		{C3426758-534B-308E-863A-DA046F61BF97} = {C3426758-534B-308E-863A-DA046F61BF97}
		{BF189689-A9FE-3760-BA84-0F5114601FCB} = {BF189689-A9FE-3760-BA84-0F5114601FCB}
		{10B5B227-4B1E-395B-8D34-93D7E8F74BF4} = {10B5B227-4B1E-395B-8D34-93D7E8F74BF4}
		{27F92FCA-45C1-3E59-ACE5-D542E35A9D5A} = {27F92FCA-45C1-3E59-ACE5-D542E35A9D5A}
		{A3FD0743-9771-3301-BD45-133AFD282E02} = {A3FD0743-9771-3301-BD45-133AFD282E02}
	EndProjectSection
EndProject
Project("{8BC9CEB8-8B4A-11D0-8D11-00A0C91BC942}") = "Aquila", "Aquila.vcxproj", "{C3426758-534B-308E-863A-DA046F61BF97}"
	ProjectSection(ProjectDependencies) = postProject
		{BF189689-A9FE-3760-BA84-0F5114601FCB} = {BF189689-A9FE-3760-BA84-0F5114601FCB}
		{A3FD0743-9771-3301-BD45-133AFD282E02} = {A3FD0743-9771-3301-BD45-133AFD282E02}
	EndProjectSection
EndProject
Project("{8BC9CEB8-8B4A-11D0-8D11-00A0C91BC942}") = "INSTALL", "INSTALL.vcxproj", "{0DD12870-A731-3BC0-9CF6-6816F462510C}"
	ProjectSection(ProjectDependencies) = postProject
		{055A5B8C-EBCD-3B62-883C-4641998A8320} = {055A5B8C-EBCD-3B62-883C-4641998A8320}
		{A3FD0743-9771-3301-BD45-133AFD282E02} = {A3FD0743-9771-3301-BD45-133AFD282E02}
	EndProjectSection
EndProject
Project("{8BC9CEB8-8B4A-11D0-8D11-00A0C91BC942}") = "Ooura_fft", "lib\Ooura_fft.vcxproj", "{BF189689-A9FE-3760-BA84-0F5114601FCB}"
	ProjectSection(ProjectDependencies) = postProject
		{A3FD0743-9771-3301-BD45-133AFD282E02} = {A3FD0743-9771-3301-BD45-133AFD282E02}
	EndProjectSection
EndProject
Project("{8BC9CEB8-8B4A-11D0-8D11-00A0C91BC942}") = "RUN_TESTS", "RUN_TESTS.vcxproj", "{134902A1-244F-3ADD-96BF-278601138C93}"
	ProjectSection(ProjectDependencies) = postProject
		{A3FD0743-9771-3301-BD45-133AFD282E02} = {A3FD0743-9771-3301-BD45-133AFD282E02}
	EndProjectSection
EndProject
Project("{8BC9CEB8-8B4A-11D0-8D11-00A0C91BC942}") = "TestUnitTest++", "lib\unittestpp\TestUnitTest++.vcxproj", "{10B5B227-4B1E-395B-8D34-93D7E8F74BF4}"
	ProjectSection(ProjectDependencies) = postProject
		{27F92FCA-45C1-3E59-ACE5-D542E35A9D5A} = {27F92FCA-45C1-3E59-ACE5-D542E35A9D5A}
		{A3FD0743-9771-3301-BD45-133AFD282E02} = {A3FD0743-9771-3301-BD45-133AFD282E02}
	EndProjectSection
EndProject
Project("{8BC9CEB8-8B4A-11D0-8D11-00A0C91BC942}") = "UnitTest++", "lib\unittestpp\UnitTest++.vcxproj", "{27F92FCA-45C1-3E59-ACE5-D542E35A9D5A}"
	ProjectSection(ProjectDependencies) = postProject
		{A3FD0743-9771-3301-BD45-133AFD282E02} = {A3FD0743-9771-3301-BD45-133AFD282E02}
	EndProjectSection
EndProject
Project("{8BC9CEB8-8B4A-11D0-8D11-00A0C91BC942}") = "ZERO_CHECK", "ZERO_CHECK.vcxproj", "{A3FD0743-9771-3301-BD45-133AFD282E02}"
	ProjectSection(ProjectDependencies) = postProject
	EndProjectSection
EndProject
Project("{8BC9CEB8-8B4A-11D0-8D11-00A0C91BC942}") = "am_modulation", "examples\am_modulation\am_modulation.vcxproj", "{9C4EF1E6-3601-3C8B-B2B1-DBAF3F12574A}"
	ProjectSection(ProjectDependencies) = postProject
		{C3426758-534B-308E-863A-DA046F61BF97} = {C3426758-534B-308E-863A-DA046F61BF97}
		{BF189689-A9FE-3760-BA84-0F5114601FCB} = {BF189689-A9FE-3760-BA84-0F5114601FCB}
		{A3FD0743-9771-3301-BD45-133AFD282E02} = {A3FD0743-9771-3301-BD45-133AFD282E02}
	EndProjectSection
EndProject
Project("{8BC9CEB8-8B4A-11D0-8D11-00A0C91BC942}") = "aquila_test", "tests\aquila_test.vcxproj", "{69E990AA-49D6-31F1-AB7A-DF660F08F26B}"
	ProjectSection(ProjectDependencies) = postProject
		{C3426758-534B-308E-863A-DA046F61BF97} = {C3426758-534B-308E-863A-DA046F61BF97}
		{BF189689-A9FE-3760-BA84-0F5114601FCB} = {BF189689-A9FE-3760-BA84-0F5114601FCB}
		{27F92FCA-45C1-3E59-ACE5-D542E35A9D5A} = {27F92FCA-45C1-3E59-ACE5-D542E35A9D5A}
		{A3FD0743-9771-3301-BD45-133AFD282E02} = {A3FD0743-9771-3301-BD45-133AFD282E02}
	EndProjectSection
EndProject
Project("{8BC9CEB8-8B4A-11D0-8D11-00A0C91BC942}") = "check", "lib\unittestpp\check.vcxproj", "{3E621CF1-99D3-300D-9718-1DE65E1C2D40}"
	ProjectSection(ProjectDependencies) = postProject
		{10B5B227-4B1E-395B-8D34-93D7E8F74BF4} = {10B5B227-4B1E-395B-8D34-93D7E8F74BF4}
		{A3FD0743-9771-3301-BD45-133AFD282E02} = {A3FD0743-9771-3301-BD45-133AFD282E02}
	EndProjectSection
EndProject
Project("{8BC9CEB8-8B4A-11D0-8D11-00A0C91BC942}") = "dtw_path_recovery", "examples\dtw_path_recovery\dtw_path_recovery.vcxproj", "{0792AE60-1171-3482-89A2-DD37C5EE6F0D}"
	ProjectSection(ProjectDependencies) = postProject
		{C3426758-534B-308E-863A-DA046F61BF97} = {C3426758-534B-308E-863A-DA046F61BF97}
		{BF189689-A9FE-3760-BA84-0F5114601FCB} = {BF189689-A9FE-3760-BA84-0F5114601FCB}
		{A3FD0743-9771-3301-BD45-133AFD282E02} = {A3FD0743-9771-3301-BD45-133AFD282E02}
	EndProjectSection
EndProject
Project("{8BC9CEB8-8B4A-11D0-8D11-00A0C91BC942}") = "examples", "examples.vcxproj", "{77409B85-D919-37DD-B8AE-3F5A32D3984D}"
	ProjectSection(ProjectDependencies) = postProject
		{A3FD0743-9771-3301-BD45-133AFD282E02} = {A3FD0743-9771-3301-BD45-133AFD282E02}
		{9C4EF1E6-3601-3C8B-B2B1-DBAF3F12574A} = {9C4EF1E6-3601-3C8B-B2B1-DBAF3F12574A}
		{0792AE60-1171-3482-89A2-DD37C5EE6F0D} = {0792AE60-1171-3482-89A2-DD37C5EE6F0D}
		{E21E77B2-F949-361F-BD8E-975E79A377F4} = {E21E77B2-F949-361F-BD8E-975E79A377F4}
		{64A7AE7C-488F-3CC8-8D20-3A414E4E836B} = {64A7AE7C-488F-3CC8-8D20-3A414E4E836B}
		{7D289EC3-2DC4-3D8D-A437-768CCF4E7AA8} = {7D289EC3-2DC4-3D8D-A437-768CCF4E7AA8}
		{2986B0B9-498F-38DF-9A76-9DC25A816CEE} = {2986B0B9-498F-38DF-9A76-9DC25A816CEE}
		{B66AA1E7-B045-33D3-9496-6EBB569A21CB} = {B66AA1E7-B045-33D3-9496-6EBB569A21CB}
		{95ED1972-5180-3ABD-8566-CC41FF187CC8} = {95ED1972-5180-3ABD-8566-CC41FF187CC8}
		{FCAD0560-2873-39BB-9F83-59312BEDEE52} = {FCAD0560-2873-39BB-9F83-59312BEDEE52}
		{929976A8-C942-3175-AC63-CED133B8830F} = {929976A8-C942-3175-AC63-CED133B8830F}
		{E74340D2-50CF-33DF-9E96-14C8D658AC2B} = {E74340D2-50CF-33DF-9E96-14C8D658AC2B}
		{EE64348E-677D-3092-BA16-5DF621AED3BE} = {EE64348E-677D-3092-BA16-5DF621AED3BE}
		{4AB96F1F-B3A2-3140-B277-F3A9FBB8C481} = {4AB96F1F-B3A2-3140-B277-F3A9FBB8C481}
		{77C9FA47-CCAE-3E4A-BA39-79F941E5DCCE} = {77C9FA47-CCAE-3E4A-BA39-79F941E5DCCE}
		{FDEDB571-4F45-30DF-9F13-A55B26957E1F} = {FDEDB571-4F45-30DF-9F13-A55B26957E1F}
		{2402B9FF-7515-37CA-BE49-430A571DBAEE} = {2402B9FF-7515-37CA-BE49-430A571DBAEE}
		{705DA743-05A7-3164-A6BE-3A32153D1CDC} = {705DA743-05A7-3164-A6BE-3A32153D1CDC}
		{9946589F-4257-3AC7-AAFC-CDC50DBD5800} = {9946589F-4257-3AC7-AAFC-CDC50DBD5800}
	EndProjectSection
EndProject
Project("{8BC9CEB8-8B4A-11D0-8D11-00A0C91BC942}") = "fft_comparison", "examples\fft_comparison\fft_comparison.vcxproj", "{E21E77B2-F949-361F-BD8E-975E79A377F4}"
	ProjectSection(ProjectDependencies) = postProject
		{C3426758-534B-308E-863A-DA046F61BF97} = {C3426758-534B-308E-863A-DA046F61BF97}
		{BF189689-A9FE-3760-BA84-0F5114601FCB} = {BF189689-A9FE-3760-BA84-0F5114601FCB}
		{A3FD0743-9771-3301-BD45-133AFD282E02} = {A3FD0743-9771-3301-BD45-133AFD282E02}
	EndProjectSection
EndProject
Project("{8BC9CEB8-8B4A-11D0-8D11-00A0C91BC942}") = "fft_filter", "examples\fft_filter\fft_filter.vcxproj", "{64A7AE7C-488F-3CC8-8D20-3A414E4E836B}"
	ProjectSection(ProjectDependencies) = postProject
		{C3426758-534B-308E-863A-DA046F61BF97} = {C3426758-534B-308E-863A-DA046F61BF97}
		{BF189689-A9FE-3760-BA84-0F5114601FCB} = {BF189689-A9FE-3760-BA84-0F5114601FCB}
		{A3FD0743-9771-3301-BD45-133AFD282E02} = {A3FD0743-9771-3301-BD45-133AFD282E02}
	EndProjectSection
EndProject
Project("{8BC9CEB8-8B4A-11D0-8D11-00A0C91BC942}") = "fft_simple_spectrum", "examples\fft_simple_spectrum\fft_simple_spectrum.vcxproj", "{7D289EC3-2DC4-3D8D-A437-768CCF4E7AA8}"
	ProjectSection(ProjectDependencies) = postProject
		{C3426758-534B-308E-863A-DA046F61BF97} = {C3426758-534B-308E-863A-DA046F61BF97}
		{BF189689-A9FE-3760-BA84-0F5114601FCB} = {BF189689-A9FE-3760-BA84-0F5114601FCB}
		{A3FD0743-9771-3301-BD45-133AFD282E02} = {A3FD0743-9771-3301-BD45-133AFD282E02}
	EndProjectSection
EndProject
Project("{8BC9CEB8-8B4A-11D0-8D11-00A0C91BC942}") = "frame_iteration", "examples\frame_iteration\frame_iteration.vcxproj", "{2986B0B9-498F-38DF-9A76-9DC25A816CEE}"
	ProjectSection(ProjectDependencies) = postProject
		{C3426758-534B-308E-863A-DA046F61BF97} = {C3426758-534B-308E-863A-DA046F61BF97}
		{BF189689-A9FE-3760-BA84-0F5114601FCB} = {BF189689-A9FE-3760-BA84-0F5114601FCB}
		{A3FD0743-9771-3301-BD45-133AFD282E02} = {A3FD0743-9771-3301-BD45-133AFD282E02}
	EndProjectSection
EndProject
Project("{8BC9CEB8-8B4A-11D0-8D11-00A0C91BC942}") = "generators", "examples\generators\generators.vcxproj", "{B66AA1E7-B045-33D3-9496-6EBB569A21CB}"
	ProjectSection(ProjectDependencies) = postProject
		{C3426758-534B-308E-863A-DA046F61BF97} = {C3426758-534B-308E-863A-DA046F61BF97}
		{BF189689-A9FE-3760-BA84-0F5114601FCB} = {BF189689-A9FE-3760-BA84-0F5114601FCB}
		{A3FD0743-9771-3301-BD45-133AFD282E02} = {A3FD0743-9771-3301-BD45-133AFD282E02}
	EndProjectSection
EndProject
Project("{8BC9CEB8-8B4A-11D0-8D11-00A0C91BC942}") = "mfcc_calculation", "examples\mfcc_calculation\mfcc_calculation.vcxproj", "{95ED1972-5180-3ABD-8566-CC41FF187CC8}"
	ProjectSection(ProjectDependencies) = postProject
		{C3426758-534B-308E-863A-DA046F61BF97} = {C3426758-534B-308E-863A-DA046F61BF97}
		{BF189689-A9FE-3760-BA84-0F5114601FCB} = {BF189689-A9FE-3760-BA84-0F5114601FCB}
		{A3FD0743-9771-3301-BD45-133AFD282E02} = {A3FD0743-9771-3301-BD45-133AFD282E02}
	EndProjectSection
EndProject
Project("{8BC9CEB8-8B4A-11D0-8D11-00A0C91BC942}") = "sine_generator", "examples\sine_generator\sine_generator.vcxproj", "{FCAD0560-2873-39BB-9F83-59312BEDEE52}"
	ProjectSection(ProjectDependencies) = postProject
		{C3426758-534B-308E-863A-DA046F61BF97} = {C3426758-534B-308E-863A-DA046F61BF97}
		{BF189689-A9FE-3760-BA84-0F5114601FCB} = {BF189689-A9FE-3760-BA84-0F5114601FCB}
		{A3FD0743-9771-3301-BD45-133AFD282E02} = {A3FD0743-9771-3301-BD45-133AFD282E02}
	EndProjectSection
EndProject
Project("{8BC9CEB8-8B4A-11D0-8D11-00A0C91BC942}") = "spectrogram", "examples\spectrogram\spectrogram.vcxproj", "{929976A8-C942-3175-AC63-CED133B8830F}"
	ProjectSection(ProjectDependencies) = postProject
		{C3426758-534B-308E-863A-DA046F61BF97} = {C3426758-534B-308E-863A-DA046F61BF97}
		{BF189689-A9FE-3760-BA84-0F5114601FCB} = {BF189689-A9FE-3760-BA84-0F5114601FCB}
		{A3FD0743-9771-3301-BD45-133AFD282E02} = {A3FD0743-9771-3301-BD45-133AFD282E02}
	EndProjectSection
EndProject
Project("{8BC9CEB8-8B4A-11D0-8D11-00A0C91BC942}") = "square_generator", "examples\square_generator\square_generator.vcxproj", "{E74340D2-50CF-33DF-9E96-14C8D658AC2B}"
	ProjectSection(ProjectDependencies) = postProject
		{C3426758-534B-308E-863A-DA046F61BF97} = {C3426758-534B-308E-863A-DA046F61BF97}
		{BF189689-A9FE-3760-BA84-0F5114601FCB} = {BF189689-A9FE-3760-BA84-0F5114601FCB}
		{A3FD0743-9771-3301-BD45-133AFD282E02} = {A3FD0743-9771-3301-BD45-133AFD282E02}
	EndProjectSection
EndProject
Project("{8BC9CEB8-8B4A-11D0-8D11-00A0C91BC942}") = "text_plot", "examples\text_plot\text_plot.vcxproj", "{EE64348E-677D-3092-BA16-5DF621AED3BE}"
	ProjectSection(ProjectDependencies) = postProject
		{C3426758-534B-308E-863A-DA046F61BF97} = {C3426758-534B-308E-863A-DA046F61BF97}
		{BF189689-A9FE-3760-BA84-0F5114601FCB} = {BF189689-A9FE-3760-BA84-0F5114601FCB}
		{A3FD0743-9771-3301-BD45-133AFD282E02} = {A3FD0743-9771-3301-BD45-133AFD282E02}
	EndProjectSection
EndProject
Project("{8BC9CEB8-8B4A-11D0-8D11-00A0C91BC942}") = "triangle_generator", "examples\triangle_generator\triangle_generator.vcxproj", "{4AB96F1F-B3A2-3140-B277-F3A9FBB8C481}"
	ProjectSection(ProjectDependencies) = postProject
		{C3426758-534B-308E-863A-DA046F61BF97} = {C3426758-534B-308E-863A-DA046F61BF97}
		{BF189689-A9FE-3760-BA84-0F5114601FCB} = {BF189689-A9FE-3760-BA84-0F5114601FCB}
		{A3FD0743-9771-3301-BD45-133AFD282E02} = {A3FD0743-9771-3301-BD45-133AFD282E02}
	EndProjectSection
EndProject
Project("{8BC9CEB8-8B4A-11D0-8D11-00A0C91BC942}") = "uninstall", "uninstall.vcxproj", "{DF293703-8430-3C7E-BCC2-C4D81E9CA6EE}"
	ProjectSection(ProjectDependencies) = postProject
		{A3FD0743-9771-3301-BD45-133AFD282E02} = {A3FD0743-9771-3301-BD45-133AFD282E02}
	EndProjectSection
EndProject
Project("{8BC9CEB8-8B4A-11D0-8D11-00A0C91BC942}") = "utility_functions", "examples\utility_functions\utility_functions.vcxproj", "{77C9FA47-CCAE-3E4A-BA39-79F941E5DCCE}"
	ProjectSection(ProjectDependencies) = postProject
		{C3426758-534B-308E-863A-DA046F61BF97} = {C3426758-534B-308E-863A-DA046F61BF97}
		{BF189689-A9FE-3760-BA84-0F5114601FCB} = {BF189689-A9FE-3760-BA84-0F5114601FCB}
		{A3FD0743-9771-3301-BD45-133AFD282E02} = {A3FD0743-9771-3301-BD45-133AFD282E02}
	EndProjectSection
EndProject
Project("{8BC9CEB8-8B4A-11D0-8D11-00A0C91BC942}") = "wave_info", "examples\wave_info\wave_info.vcxproj", "{FDEDB571-4F45-30DF-9F13-A55B26957E1F}"
	ProjectSection(ProjectDependencies) = postProject
		{C3426758-534B-308E-863A-DA046F61BF97} = {C3426758-534B-308E-863A-DA046F61BF97}
		{BF189689-A9FE-3760-BA84-0F5114601FCB} = {BF189689-A9FE-3760-BA84-0F5114601FCB}
		{A3FD0743-9771-3301-BD45-133AFD282E02} = {A3FD0743-9771-3301-BD45-133AFD282E02}
	EndProjectSection
EndProject
Project("{8BC9CEB8-8B4A-11D0-8D11-00A0C91BC942}") = "wave_iteration", "examples\wave_iteration\wave_iteration.vcxproj", "{2402B9FF-7515-37CA-BE49-430A571DBAEE}"
	ProjectSection(ProjectDependencies) = postProject
		{C3426758-534B-308E-863A-DA046F61BF97} = {C3426758-534B-308E-863A-DA046F61BF97}
		{BF189689-A9FE-3760-BA84-0F5114601FCB} = {BF189689-A9FE-3760-BA84-0F5114601FCB}
		{A3FD0743-9771-3301-BD45-133AFD282E02} = {A3FD0743-9771-3301-BD45-133AFD282E02}
	EndProjectSection
EndProject
Project("{8BC9CEB8-8B4A-11D0-8D11-00A0C91BC942}") = "window_plot", "examples\window_plot\window_plot.vcxproj", "{705DA743-05A7-3164-A6BE-3A32153D1CDC}"
	ProjectSection(ProjectDependencies) = postProject
		{C3426758-534B-308E-863A-DA046F61BF97} = {C3426758-534B-308E-863A-DA046F61BF97}
		{BF189689-A9FE-3760-BA84-0F5114601FCB} = {BF189689-A9FE-3760-BA84-0F5114601FCB}
		{A3FD0743-9771-3301-BD45-133AFD282E02} = {A3FD0743-9771-3301-BD45-133AFD282E02}
	EndProjectSection
EndProject
Project("{8BC9CEB8-8B4A-11D0-8D11-00A0C91BC942}") = "window_usage", "examples\window_usage\window_usage.vcxproj", "{9946589F-4257-3AC7-AAFC-CDC50DBD5800}"
	ProjectSection(ProjectDependencies) = postProject
		{C3426758-534B-308E-863A-DA046F61BF97} = {C3426758-534B-308E-863A-DA046F61BF97}
		{BF189689-A9FE-3760-BA84-0F5114601FCB} = {BF189689-A9FE-3760-BA84-0F5114601FCB}
		{A3FD0743-9771-3301-BD45-133AFD282E02} = {A3FD0743-9771-3301-BD45-133AFD282E02}
	EndProjectSection
EndProject
Global
	GlobalSection(SolutionConfigurationPlatforms) = preSolution
		Debug|x64 = Debug|x64
		Release|x64 = Release|x64
		MinSizeRel|x64 = MinSizeRel|x64
		RelWithDebInfo|x64 = RelWithDebInfo|x64
	EndGlobalSection
	GlobalSection(ProjectConfigurationPlatforms) = postSolution
		{055A5B8C-EBCD-3B62-883C-4641998A8320}.Debug|x64.ActiveCfg = Debug|x64
		{055A5B8C-EBCD-3B62-883C-4641998A8320}.Debug|x64.Build.0 = Debug|x64
		{055A5B8C-EBCD-3B62-883C-4641998A8320}.Release|x64.ActiveCfg = Release|x64
		{055A5B8C-EBCD-3B62-883C-4641998A8320}.Release|x64.Build.0 = Release|x64
		{055A5B8C-EBCD-3B62-883C-4641998A8320}.MinSizeRel|x64.ActiveCfg = MinSizeRel|x64
		{055A5B8C-EBCD-3B62-883C-4641998A8320}.MinSizeRel|x64.Build.0 = MinSizeRel|x64
		{055A5B8C-EBCD-3B62-883C-4641998A8320}.RelWithDebInfo|x64.ActiveCfg = RelWithDebInfo|x64
		{055A5B8C-EBCD-3B62-883C-4641998A8320}.RelWithDebInfo|x64.Build.0 = RelWithDebInfo|x64
		{C3426758-534B-308E-863A-DA046F61BF97}.Debug|x64.ActiveCfg = Debug|x64
		{C3426758-534B-308E-863A-DA046F61BF97}.Debug|x64.Build.0 = Debug|x64
		{C3426758-534B-308E-863A-DA046F61BF97}.Release|x64.ActiveCfg = Release|x64
		{C3426758-534B-308E-863A-DA046F61BF97}.Release|x64.Build.0 = Release|x64
		{C3426758-534B-308E-863A-DA046F61BF97}.MinSizeRel|x64.ActiveCfg = MinSizeRel|x64
		{C3426758-534B-308E-863A-DA046F61BF97}.MinSizeRel|x64.Build.0 = MinSizeRel|x64
		{C3426758-534B-308E-863A-DA046F61BF97}.RelWithDebInfo|x64.ActiveCfg = RelWithDebInfo|x64
		{C3426758-534B-308E-863A-DA046F61BF97}.RelWithDebInfo|x64.Build.0 = RelWithDebInfo|x64
		{0DD12870-A731-3BC0-9CF6-6816F462510C}.Debug|x64.ActiveCfg = Debug|x64
		{0DD12870-A731-3BC0-9CF6-6816F462510C}.Release|x64.ActiveCfg = Release|x64
		{0DD12870-A731-3BC0-9CF6-6816F462510C}.MinSizeRel|x64.ActiveCfg = MinSizeRel|x64
		{0DD12870-A731-3BC0-9CF6-6816F462510C}.RelWithDebInfo|x64.ActiveCfg = RelWithDebInfo|x64
		{BF189689-A9FE-3760-BA84-0F5114601FCB}.Debug|x64.ActiveCfg = Debug|x64
		{BF189689-A9FE-3760-BA84-0F5114601FCB}.Debug|x64.Build.0 = Debug|x64
		{BF189689-A9FE-3760-BA84-0F5114601FCB}.Release|x64.ActiveCfg = Release|x64
		{BF189689-A9FE-3760-BA84-0F5114601FCB}.Release|x64.Build.0 = Release|x64
		{BF189689-A9FE-3760-BA84-0F5114601FCB}.MinSizeRel|x64.ActiveCfg = MinSizeRel|x64
		{BF189689-A9FE-3760-BA84-0F5114601FCB}.MinSizeRel|x64.Build.0 = MinSizeRel|x64
		{BF189689-A9FE-3760-BA84-0F5114601FCB}.RelWithDebInfo|x64.ActiveCfg = RelWithDebInfo|x64
		{BF189689-A9FE-3760-BA84-0F5114601FCB}.RelWithDebInfo|x64.Build.0 = RelWithDebInfo|x64
		{134902A1-244F-3ADD-96BF-278601138C93}.Debug|x64.ActiveCfg = Debug|x64
		{134902A1-244F-3ADD-96BF-278601138C93}.Release|x64.ActiveCfg = Release|x64
		{134902A1-244F-3ADD-96BF-278601138C93}.MinSizeRel|x64.ActiveCfg = MinSizeRel|x64
		{134902A1-244F-3ADD-96BF-278601138C93}.RelWithDebInfo|x64.ActiveCfg = RelWithDebInfo|x64
		{10B5B227-4B1E-395B-8D34-93D7E8F74BF4}.Debug|x64.ActiveCfg = Debug|x64
		{10B5B227-4B1E-395B-8D34-93D7E8F74BF4}.Debug|x64.Build.0 = Debug|x64
		{10B5B227-4B1E-395B-8D34-93D7E8F74BF4}.Release|x64.ActiveCfg = Release|x64
		{10B5B227-4B1E-395B-8D34-93D7E8F74BF4}.Release|x64.Build.0 = Release|x64
		{10B5B227-4B1E-395B-8D34-93D7E8F74BF4}.MinSizeRel|x64.ActiveCfg = MinSizeRel|x64
		{10B5B227-4B1E-395B-8D34-93D7E8F74BF4}.MinSizeRel|x64.Build.0 = MinSizeRel|x64
		{10B5B227-4B1E-395B-8D34-93D7E8F74BF4}.RelWithDebInfo|x64.ActiveCfg = RelWithDebInfo|x64
		{10B5B227-4B1E-395B-8D34-93D7E8F74BF4}.RelWithDebInfo|x64.Build.0 = RelWithDebInfo|x64
		{27F92FCA-45C1-3E59-ACE5-D542E35A9D5A}.Debug|x64.ActiveCfg = Debug|x64
		{27F92FCA-45C1-3E59-ACE5-D542E35A9D5A}.Debug|x64.Build.0 = Debug|x64
		{27F92FCA-45C1-3E59-ACE5-D542E35A9D5A}.Release|x64.ActiveCfg = Release|x64
		{27F92FCA-45C1-3E59-ACE5-D542E35A9D5A}.Release|x64.Build.0 = Release|x64
		{27F92FCA-45C1-3E59-ACE5-D542E35A9D5A}.MinSizeRel|x64.ActiveCfg = MinSizeRel|x64
		{27F92FCA-45C1-3E59-ACE5-D542E35A9D5A}.MinSizeRel|x64.Build.0 = MinSizeRel|x64
		{27F92FCA-45C1-3E59-ACE5-D542E35A9D5A}.RelWithDebInfo|x64.ActiveCfg = RelWithDebInfo|x64
		{27F92FCA-45C1-3E59-ACE5-D542E35A9D5A}.RelWithDebInfo|x64.Build.0 = RelWithDebInfo|x64
		{A3FD0743-9771-3301-BD45-133AFD282E02}.Debug|x64.ActiveCfg = Debug|x64
		{A3FD0743-9771-3301-BD45-133AFD282E02}.Debug|x64.Build.0 = Debug|x64
		{A3FD0743-9771-3301-BD45-133AFD282E02}.Release|x64.ActiveCfg = Release|x64
		{A3FD0743-9771-3301-BD45-133AFD282E02}.Release|x64.Build.0 = Release|x64
		{A3FD0743-9771-3301-BD45-133AFD282E02}.MinSizeRel|x64.ActiveCfg = MinSizeRel|x64
		{A3FD0743-9771-3301-BD45-133AFD282E02}.MinSizeRel|x64.Build.0 = MinSizeRel|x64
		{A3FD0743-9771-3301-BD45-133AFD282E02}.RelWithDebInfo|x64.ActiveCfg = RelWithDebInfo|x64
		{A3FD0743-9771-3301-BD45-133AFD282E02}.RelWithDebInfo|x64.Build.0 = RelWithDebInfo|x64
		{9C4EF1E6-3601-3C8B-B2B1-DBAF3F12574A}.Debug|x64.ActiveCfg = Debug|x64
		{9C4EF1E6-3601-3C8B-B2B1-DBAF3F12574A}.Debug|x64.Build.0 = Debug|x64
		{9C4EF1E6-3601-3C8B-B2B1-DBAF3F12574A}.Release|x64.ActiveCfg = Release|x64
		{9C4EF1E6-3601-3C8B-B2B1-DBAF3F12574A}.Release|x64.Build.0 = Release|x64
		{9C4EF1E6-3601-3C8B-B2B1-DBAF3F12574A}.MinSizeRel|x64.ActiveCfg = MinSizeRel|x64
		{9C4EF1E6-3601-3C8B-B2B1-DBAF3F12574A}.MinSizeRel|x64.Build.0 = MinSizeRel|x64
		{9C4EF1E6-3601-3C8B-B2B1-DBAF3F12574A}.RelWithDebInfo|x64.ActiveCfg = RelWithDebInfo|x64
		{9C4EF1E6-3601-3C8B-B2B1-DBAF3F12574A}.RelWithDebInfo|x64.Build.0 = RelWithDebInfo|x64
		{69E990AA-49D6-31F1-AB7A-DF660F08F26B}.Debug|x64.ActiveCfg = Debug|x64
		{69E990AA-49D6-31F1-AB7A-DF660F08F26B}.Debug|x64.Build.0 = Debug|x64
		{69E990AA-49D6-31F1-AB7A-DF660F08F26B}.Release|x64.ActiveCfg = Release|x64
		{69E990AA-49D6-31F1-AB7A-DF660F08F26B}.Release|x64.Build.0 = Release|x64
		{69E990AA-49D6-31F1-AB7A-DF660F08F26B}.MinSizeRel|x64.ActiveCfg = MinSizeRel|x64
		{69E990AA-49D6-31F1-AB7A-DF660F08F26B}.MinSizeRel|x64.Build.0 = MinSizeRel|x64
		{69E990AA-49D6-31F1-AB7A-DF660F08F26B}.RelWithDebInfo|x64.ActiveCfg = RelWithDebInfo|x64
		{69E990AA-49D6-31F1-AB7A-DF660F08F26B}.RelWithDebInfo|x64.Build.0 = RelWithDebInfo|x64
		{3E621CF1-99D3-300D-9718-1DE65E1C2D40}.Debug|x64.ActiveCfg = Debug|x64
		{3E621CF1-99D3-300D-9718-1DE65E1C2D40}.Release|x64.ActiveCfg = Release|x64
		{3E621CF1-99D3-300D-9718-1DE65E1C2D40}.MinSizeRel|x64.ActiveCfg = MinSizeRel|x64
		{3E621CF1-99D3-300D-9718-1DE65E1C2D40}.RelWithDebInfo|x64.ActiveCfg = RelWithDebInfo|x64
		{0792AE60-1171-3482-89A2-DD37C5EE6F0D}.Debug|x64.ActiveCfg = Debug|x64
		{0792AE60-1171-3482-89A2-DD37C5EE6F0D}.Debug|x64.Build.0 = Debug|x64
		{0792AE60-1171-3482-89A2-DD37C5EE6F0D}.Release|x64.ActiveCfg = Release|x64
		{0792AE60-1171-3482-89A2-DD37C5EE6F0D}.Release|x64.Build.0 = Release|x64
		{0792AE60-1171-3482-89A2-DD37C5EE6F0D}.MinSizeRel|x64.ActiveCfg = MinSizeRel|x64
		{0792AE60-1171-3482-89A2-DD37C5EE6F0D}.MinSizeRel|x64.Build.0 = MinSizeRel|x64
		{0792AE60-1171-3482-89A2-DD37C5EE6F0D}.RelWithDebInfo|x64.ActiveCfg = RelWithDebInfo|x64
		{0792AE60-1171-3482-89A2-DD37C5EE6F0D}.RelWithDebInfo|x64.Build.0 = RelWithDebInfo|x64
		{77409B85-D919-37DD-B8AE-3F5A32D3984D}.Debug|x64.ActiveCfg = Debug|x64
		{77409B85-D919-37DD-B8AE-3F5A32D3984D}.Release|x64.ActiveCfg = Release|x64
		{77409B85-D919-37DD-B8AE-3F5A32D3984D}.MinSizeRel|x64.ActiveCfg = MinSizeRel|x64
		{77409B85-D919-37DD-B8AE-3F5A32D3984D}.RelWithDebInfo|x64.ActiveCfg = RelWithDebInfo|x64
		{E21E77B2-F949-361F-BD8E-975E79A377F4}.Debug|x64.ActiveCfg = Debug|x64
		{E21E77B2-F949-361F-BD8E-975E79A377F4}.Debug|x64.Build.0 = Debug|x64
		{E21E77B2-F949-361F-BD8E-975E79A377F4}.Release|x64.ActiveCfg = Release|x64
		{E21E77B2-F949-361F-BD8E-975E79A377F4}.Release|x64.Build.0 = Release|x64
		{E21E77B2-F949-361F-BD8E-975E79A377F4}.MinSizeRel|x64.ActiveCfg = MinSizeRel|x64
		{E21E77B2-F949-361F-BD8E-975E79A377F4}.MinSizeRel|x64.Build.0 = MinSizeRel|x64
		{E21E77B2-F949-361F-BD8E-975E79A377F4}.RelWithDebInfo|x64.ActiveCfg = RelWithDebInfo|x64
		{E21E77B2-F949-361F-BD8E-975E79A377F4}.RelWithDebInfo|x64.Build.0 = RelWithDebInfo|x64
		{64A7AE7C-488F-3CC8-8D20-3A414E4E836B}.Debug|x64.ActiveCfg = Debug|x64
		{64A7AE7C-488F-3CC8-8D20-3A414E4E836B}.Debug|x64.Build.0 = Debug|x64
		{64A7AE7C-488F-3CC8-8D20-3A414E4E836B}.Release|x64.ActiveCfg = Release|x64
		{64A7AE7C-488F-3CC8-8D20-3A414E4E836B}.Release|x64.Build.0 = Release|x64
		{64A7AE7C-488F-3CC8-8D20-3A414E4E836B}.MinSizeRel|x64.ActiveCfg = MinSizeRel|x64
		{64A7AE7C-488F-3CC8-8D20-3A414E4E836B}.MinSizeRel|x64.Build.0 = MinSizeRel|x64
		{64A7AE7C-488F-3CC8-8D20-3A414E4E836B}.RelWithDebInfo|x64.ActiveCfg = RelWithDebInfo|x64
		{64A7AE7C-488F-3CC8-8D20-3A414E4E836B}.RelWithDebInfo|x64.Build.0 = RelWithDebInfo|x64
		{7D289EC3-2DC4-3D8D-A437-768CCF4E7AA8}.Debug|x64.ActiveCfg = Debug|x64
		{7D289EC3-2DC4-3D8D-A437-768CCF4E7AA8}.Debug|x64.Build.0 = Debug|x64
		{7D289EC3-2DC4-3D8D-A437-768CCF4E7AA8}.Release|x64.ActiveCfg = Release|x64
		{7D289EC3-2DC4-3D8D-A437-768CCF4E7AA8}.Release|x64.Build.0 = Release|x64
		{7D289EC3-2DC4-3D8D-A437-768CCF4E7AA8}.MinSizeRel|x64.ActiveCfg = MinSizeRel|x64
		{7D289EC3-2DC4-3D8D-A437-768CCF4E7AA8}.MinSizeRel|x64.Build.0 = MinSizeRel|x64
		{7D289EC3-2DC4-3D8D-A437-768CCF4E7AA8}.RelWithDebInfo|x64.ActiveCfg = RelWithDebInfo|x64
		{7D289EC3-2DC4-3D8D-A437-768CCF4E7AA8}.RelWithDebInfo|x64.Build.0 = RelWithDebInfo|x64
		{2986B0B9-498F-38DF-9A76-9DC25A816CEE}.Debug|x64.ActiveCfg = Debug|x64
		{2986B0B9-498F-38DF-9A76-9DC25A816CEE}.Debug|x64.Build.0 = Debug|x64
		{2986B0B9-498F-38DF-9A76-9DC25A816CEE}.Release|x64.ActiveCfg = Release|x64
		{2986B0B9-498F-38DF-9A76-9DC25A816CEE}.Release|x64.Build.0 = Release|x64
		{2986B0B9-498F-38DF-9A76-9DC25A816CEE}.MinSizeRel|x64.ActiveCfg = MinSizeRel|x64
		{2986B0B9-498F-38DF-9A76-9DC25A816CEE}.MinSizeRel|x64.Build.0 = MinSizeRel|x64
		{2986B0B9-498F-38DF-9A76-9DC25A816CEE}.RelWithDebInfo|x64.ActiveCfg = RelWithDebInfo|x64
		{2986B0B9-498F-38DF-9A76-9DC25A816CEE}.RelWithDebInfo|x64.Build.0 = RelWithDebInfo|x64
		{B66AA1E7-B045-33D3-9496-6EBB569A21CB}.Debug|x64.ActiveCfg = Debug|x64
		{B66AA1E7-B045-33D3-9496-6EBB569A21CB}.Debug|x64.Build.0 = Debug|x64
		{B66AA1E7-B045-33D3-9496-6EBB569A21CB}.Release|x64.ActiveCfg = Release|x64
		{B66AA1E7-B045-33D3-9496-6EBB569A21CB}.Release|x64.Build.0 = Release|x64
		{B66AA1E7-B045-33D3-9496-6EBB569A21CB}.MinSizeRel|x64.ActiveCfg = MinSizeRel|x64
		{B66AA1E7-B045-33D3-9496-6EBB569A21CB}.MinSizeRel|x64.Build.0 = MinSizeRel|x64
		{B66AA1E7-B045-33D3-9496-6EBB569A21CB}.RelWithDebInfo|x64.ActiveCfg = RelWithDebInfo|x64
		{B66AA1E7-B045-33D3-9496-6EBB569A21CB}.RelWithDebInfo|x64.Build.0 = RelWithDebInfo|x64
		{95ED1972-5180-3ABD-8566-CC41FF187CC8}.Debug|x64.ActiveCfg = Debug|x64
		{95ED1972-5180-3ABD-8566-CC41FF187CC8}.Debug|x64.Build.0 = Debug|x64
		{95ED1972-5180-3ABD-8566-CC41FF187CC8}.Release|x64.ActiveCfg = Release|x64
		{95ED1972-5180-3ABD-8566-CC41FF187CC8}.Release|x64.Build.0 = Release|x64
		{95ED1972-5180-3ABD-8566-CC41FF187CC8}.MinSizeRel|x64.ActiveCfg = MinSizeRel|x64
		{95ED1972-5180-3ABD-8566-CC41FF187CC8}.MinSizeRel|x64.Build.0 = MinSizeRel|x64
		{95ED1972-5180-3ABD-8566-CC41FF187CC8}.RelWithDebInfo|x64.ActiveCfg = RelWithDebInfo|x64
		{95ED1972-5180-3ABD-8566-CC41FF187CC8}.RelWithDebInfo|x64.Build.0 = RelWithDebInfo|x64
		{FCAD0560-2873-39BB-9F83-59312BEDEE52}.Debug|x64.ActiveCfg = Debug|x64
		{FCAD0560-2873-39BB-9F83-59312BEDEE52}.Debug|x64.Build.0 = Debug|x64
		{FCAD0560-2873-39BB-9F83-59312BEDEE52}.Release|x64.ActiveCfg = Release|x64
		{FCAD0560-2873-39BB-9F83-59312BEDEE52}.Release|x64.Build.0 = Release|x64
		{FCAD0560-2873-39BB-9F83-59312BEDEE52}.MinSizeRel|x64.ActiveCfg = MinSizeRel|x64
		{FCAD0560-2873-39BB-9F83-59312BEDEE52}.MinSizeRel|x64.Build.0 = MinSizeRel|x64
		{FCAD0560-2873-39BB-9F83-59312BEDEE52}.RelWithDebInfo|x64.ActiveCfg = RelWithDebInfo|x64
		{FCAD0560-2873-39BB-9F83-59312BEDEE52}.RelWithDebInfo|x64.Build.0 = RelWithDebInfo|x64
		{929976A8-C942-3175-AC63-CED133B8830F}.Debug|x64.ActiveCfg = Debug|x64
		{929976A8-C942-3175-AC63-CED133B8830F}.Debug|x64.Build.0 = Debug|x64
		{929976A8-C942-3175-AC63-CED133B8830F}.Release|x64.ActiveCfg = Release|x64
		{929976A8-C942-3175-AC63-CED133B8830F}.Release|x64.Build.0 = Release|x64
		{929976A8-C942-3175-AC63-CED133B8830F}.MinSizeRel|x64.ActiveCfg = MinSizeRel|x64
		{929976A8-C942-3175-AC63-CED133B8830F}.MinSizeRel|x64.Build.0 = MinSizeRel|x64
		{929976A8-C942-3175-AC63-CED133B8830F}.RelWithDebInfo|x64.ActiveCfg = RelWithDebInfo|x64
		{929976A8-C942-3175-AC63-CED133B8830F}.RelWithDebInfo|x64.Build.0 = RelWithDebInfo|x64
		{E74340D2-50CF-33DF-9E96-14C8D658AC2B}.Debug|x64.ActiveCfg = Debug|x64
		{E74340D2-50CF-33DF-9E96-14C8D658AC2B}.Debug|x64.Build.0 = Debug|x64
		{E74340D2-50CF-33DF-9E96-14C8D658AC2B}.Release|x64.ActiveCfg = Release|x64
		{E74340D2-50CF-33DF-9E96-14C8D658AC2B}.Release|x64.Build.0 = Release|x64
		{E74340D2-50CF-33DF-9E96-14C8D658AC2B}.MinSizeRel|x64.ActiveCfg = MinSizeRel|x64
		{E74340D2-50CF-33DF-9E96-14C8D658AC2B}.MinSizeRel|x64.Build.0 = MinSizeRel|x64
		{E74340D2-50CF-33DF-9E96-14C8D658AC2B}.RelWithDebInfo|x64.ActiveCfg = RelWithDebInfo|x64
		{E74340D2-50CF-33DF-9E96-14C8D658AC2B}.RelWithDebInfo|x64.Build.0 = RelWithDebInfo|x64
		{EE64348E-677D-3092-BA16-5DF621AED3BE}.Debug|x64.ActiveCfg = Debug|x64
		{EE64348E-677D-3092-BA16-5DF621AED3BE}.Debug|x64.Build.0 = Debug|x64
		{EE64348E-677D-3092-BA16-5DF621AED3BE}.Release|x64.ActiveCfg = Release|x64
		{EE64348E-677D-3092-BA16-5DF621AED3BE}.Release|x64.Build.0 = Release|x64
		{EE64348E-677D-3092-BA16-5DF621AED3BE}.MinSizeRel|x64.ActiveCfg = MinSizeRel|x64
		{EE64348E-677D-3092-BA16-5DF621AED3BE}.MinSizeRel|x64.Build.0 = MinSizeRel|x64
		{EE64348E-677D-3092-BA16-5DF621AED3BE}.RelWithDebInfo|x64.ActiveCfg = RelWithDebInfo|x64
		{EE64348E-677D-3092-BA16-5DF621AED3BE}.RelWithDebInfo|x64.Build.0 = RelWithDebInfo|x64
		{4AB96F1F-B3A2-3140-B277-F3A9FBB8C481}.Debug|x64.ActiveCfg = Debug|x64
		{4AB96F1F-B3A2-3140-B277-F3A9FBB8C481}.Debug|x64.Build.0 = Debug|x64
		{4AB96F1F-B3A2-3140-B277-F3A9FBB8C481}.Release|x64.ActiveCfg = Release|x64
		{4AB96F1F-B3A2-3140-B277-F3A9FBB8C481}.Release|x64.Build.0 = Release|x64
		{4AB96F1F-B3A2-3140-B277-F3A9FBB8C481}.MinSizeRel|x64.ActiveCfg = MinSizeRel|x64
		{4AB96F1F-B3A2-3140-B277-F3A9FBB8C481}.MinSizeRel|x64.Build.0 = MinSizeRel|x64
		{4AB96F1F-B3A2-3140-B277-F3A9FBB8C481}.RelWithDebInfo|x64.ActiveCfg = RelWithDebInfo|x64
		{4AB96F1F-B3A2-3140-B277-F3A9FBB8C481}.RelWithDebInfo|x64.Build.0 = RelWithDebInfo|x64
		{DF293703-8430-3C7E-BCC2-C4D81E9CA6EE}.Debug|x64.ActiveCfg = Debug|x64
		{DF293703-8430-3C7E-BCC2-C4D81E9CA6EE}.Release|x64.ActiveCfg = Release|x64
		{DF293703-8430-3C7E-BCC2-C4D81E9CA6EE}.MinSizeRel|x64.ActiveCfg = MinSizeRel|x64
		{DF293703-8430-3C7E-BCC2-C4D81E9CA6EE}.RelWithDebInfo|x64.ActiveCfg = RelWithDebInfo|x64
		{77C9FA47-CCAE-3E4A-BA39-79F941E5DCCE}.Debug|x64.ActiveCfg = Debug|x64
		{77C9FA47-CCAE-3E4A-BA39-79F941E5DCCE}.Debug|x64.Build.0 = Debug|x64
		{77C9FA47-CCAE-3E4A-BA39-79F941E5DCCE}.Release|x64.ActiveCfg = Release|x64
		{77C9FA47-CCAE-3E4A-BA39-79F941E5DCCE}.Release|x64.Build.0 = Release|x64
		{77C9FA47-CCAE-3E4A-BA39-79F941E5DCCE}.MinSizeRel|x64.ActiveCfg = MinSizeRel|x64
		{77C9FA47-CCAE-3E4A-BA39-79F941E5DCCE}.MinSizeRel|x64.Build.0 = MinSizeRel|x64
		{77C9FA47-CCAE-3E4A-BA39-79F941E5DCCE}.RelWithDebInfo|x64.ActiveCfg = RelWithDebInfo|x64
		{77C9FA47-CCAE-3E4A-BA39-79F941E5DCCE}.RelWithDebInfo|x64.Build.0 = RelWithDebInfo|x64
		{FDEDB571-4F45-30DF-9F13-A55B26957E1F}.Debug|x64.ActiveCfg = Debug|x64
		{FDEDB571-4F45-30DF-9F13-A55B26957E1F}.Debug|x64.Build.0 = Debug|x64
		{FDEDB571-4F45-30DF-9F13-A55B26957E1F}.Release|x64.ActiveCfg = Release|x64
		{FDEDB571-4F45-30DF-9F13-A55B26957E1F}.Release|x64.Build.0 = Release|x64
		{FDEDB571-4F45-30DF-9F13-A55B26957E1F}.MinSizeRel|x64.ActiveCfg = MinSizeRel|x64
		{FDEDB571-4F45-30DF-9F13-A55B26957E1F}.MinSizeRel|x64.Build.0 = MinSizeRel|x64
		{FDEDB571-4F45-30DF-9F13-A55B26957E1F}.RelWithDebInfo|x64.ActiveCfg = RelWithDebInfo|x64
		{FDEDB571-4F45-30DF-9F13-A55B26957E1F}.RelWithDebInfo|x64.Build.0 = RelWithDebInfo|x64
		{2402B9FF-7515-37CA-BE49-430A571DBAEE}.Debug|x64.ActiveCfg = Debug|x64
		{2402B9FF-7515-37CA-BE49-430A571DBAEE}.Debug|x64.Build.0 = Debug|x64
		{2402B9FF-7515-37CA-BE49-430A571DBAEE}.Release|x64.ActiveCfg = Release|x64
		{2402B9FF-7515-37CA-BE49-430A571DBAEE}.Release|x64.Build.0 = Release|x64
		{2402B9FF-7515-37CA-BE49-430A571DBAEE}.MinSizeRel|x64.ActiveCfg = MinSizeRel|x64
		{2402B9FF-7515-37CA-BE49-430A571DBAEE}.MinSizeRel|x64.Build.0 = MinSizeRel|x64
		{2402B9FF-7515-37CA-BE49-430A571DBAEE}.RelWithDebInfo|x64.ActiveCfg = RelWithDebInfo|x64
		{2402B9FF-7515-37CA-BE49-430A571DBAEE}.RelWithDebInfo|x64.Build.0 = RelWithDebInfo|x64
		{705DA743-05A7-3164-A6BE-3A32153D1CDC}.Debug|x64.ActiveCfg = Debug|x64
		{705DA743-05A7-3164-A6BE-3A32153D1CDC}.Debug|x64.Build.0 = Debug|x64
		{705DA743-05A7-3164-A6BE-3A32153D1CDC}.Release|x64.ActiveCfg = Release|x64
		{705DA743-05A7-3164-A6BE-3A32153D1CDC}.Release|x64.Build.0 = Release|x64
		{705DA743-05A7-3164-A6BE-3A32153D1CDC}.MinSizeRel|x64.ActiveCfg = MinSizeRel|x64
		{705DA743-05A7-3164-A6BE-3A32153D1CDC}.MinSizeRel|x64.Build.0 = MinSizeRel|x64
		{705DA743-05A7-3164-A6BE-3A32153D1CDC}.RelWithDebInfo|x64.ActiveCfg = RelWithDebInfo|x64
		{705DA743-05A7-3164-A6BE-3A32153D1CDC}.RelWithDebInfo|x64.Build.0 = RelWithDebInfo|x64
		{9946589F-4257-3AC7-AAFC-CDC50DBD5800}.Debug|x64.ActiveCfg = Debug|x64
		{9946589F-4257-3AC7-AAFC-CDC50DBD5800}.Debug|x64.Build.0 = Debug|x64
		{9946589F-4257-3AC7-AAFC-CDC50DBD5800}.Release|x64.ActiveCfg = Release|x64
		{9946589F-4257-3AC7-AAFC-CDC50DBD5800}.Release|x64.Build.0 = Release|x64
		{9946589F-4257-3AC7-AAFC-CDC50DBD5800}.MinSizeRel|x64.ActiveCfg = MinSizeRel|x64
		{9946589F-4257-3AC7-AAFC-CDC50DBD5800}.MinSizeRel|x64.Build.0 = MinSizeRel|x64
		{9946589F-4257-3AC7-AAFC-CDC50DBD5800}.RelWithDebInfo|x64.ActiveCfg = RelWithDebInfo|x64
		{9946589F-4257-3AC7-AAFC-CDC50DBD5800}.RelWithDebInfo|x64.Build.0 = RelWithDebInfo|x64
	EndGlobalSection
	GlobalSection(ExtensibilityGlobals) = postSolution
		SolutionGuid = {AE4A2E5B-66D2-3B30-99F5-CC919EF30247}
	EndGlobalSection
	GlobalSection(ExtensibilityAddIns) = postSolution
	EndGlobalSection
EndGlobal
