<?xml version="1.0" encoding="utf-8"?>
<Project ToolsVersion="17.0" xmlns="http://schemas.microsoft.com/developer/msbuild/2003">
  <ItemGroup>
    <ClCompile Include="C:\Users\Antoine\Desktop\Theatricus\Dependencies\aquila\tests\main.cpp">
      <Filter>Source Files</Filter>
    </ClCompile>
    <ClCompile Include="C:\Users\Antoine\Desktop\Theatricus\Dependencies\aquila\tests\functions.cpp">
      <Filter>Source Files</Filter>
    </ClCompile>
    <ClCompile Include="C:\Users\Antoine\Desktop\Theatricus\Dependencies\aquila\tests\Exceptions.cpp">
      <Filter>Source Files</Filter>
    </ClCompile>
    <ClCompile Include="C:\Users\Antoine\Desktop\Theatricus\Dependencies\aquila\tests\filter\MelFilter.cpp">
      <Filter>Source Files</Filter>
    </ClCompile>
    <ClCompile Include="C:\Users\Antoine\Desktop\Theatricus\Dependencies\aquila\tests\filter\MelFilterBank.cpp">
      <Filter>Source Files</Filter>
    </ClCompile>
    <ClCompile Include="C:\Users\Antoine\Desktop\Theatricus\Dependencies\aquila\tests\ml\Dtw.cpp">
      <Filter>Source Files</Filter>
    </ClCompile>
    <ClCompile Include="C:\Users\Antoine\Desktop\Theatricus\Dependencies\aquila\tests\source\Frame.cpp">
      <Filter>Source Files</Filter>
    </ClCompile>
    <ClCompile Include="C:\Users\Antoine\Desktop\Theatricus\Dependencies\aquila\tests\source\FramesCollection.cpp">
      <Filter>Source Files</Filter>
    </ClCompile>
    <ClCompile Include="C:\Users\Antoine\Desktop\Theatricus\Dependencies\aquila\tests\source\PlainTextFile.cpp">
      <Filter>Source Files</Filter>
    </ClCompile>
    <ClCompile Include="C:\Users\Antoine\Desktop\Theatricus\Dependencies\aquila\tests\source\RawPcmFile.cpp">
      <Filter>Source Files</Filter>
    </ClCompile>
    <ClCompile Include="C:\Users\Antoine\Desktop\Theatricus\Dependencies\aquila\tests\source\SignalSource.cpp">
      <Filter>Source Files</Filter>
    </ClCompile>
    <ClCompile Include="C:\Users\Antoine\Desktop\Theatricus\Dependencies\aquila\tests\source\WaveFile.cpp">
      <Filter>Source Files</Filter>
    </ClCompile>
    <ClCompile Include="C:\Users\Antoine\Desktop\Theatricus\Dependencies\aquila\tests\source\generator\SineGenerator.cpp">
      <Filter>Source Files</Filter>
    </ClCompile>
    <ClCompile Include="C:\Users\Antoine\Desktop\Theatricus\Dependencies\aquila\tests\source\generator\SquareGenerator.cpp">
      <Filter>Source Files</Filter>
    </ClCompile>
    <ClCompile Include="C:\Users\Antoine\Desktop\Theatricus\Dependencies\aquila\tests\source\generator\TriangleGenerator.cpp">
      <Filter>Source Files</Filter>
    </ClCompile>
    <ClCompile Include="C:\Users\Antoine\Desktop\Theatricus\Dependencies\aquila\tests\source\generator\WhiteNoiseGenerator.cpp">
      <Filter>Source Files</Filter>
    </ClCompile>
    <ClCompile Include="C:\Users\Antoine\Desktop\Theatricus\Dependencies\aquila\tests\source\generator\PinkNoiseGenerator.cpp">
      <Filter>Source Files</Filter>
    </ClCompile>
    <ClCompile Include="C:\Users\Antoine\Desktop\Theatricus\Dependencies\aquila\tests\source\window\BarlettWindow.cpp">
      <Filter>Source Files</Filter>
    </ClCompile>
    <ClCompile Include="C:\Users\Antoine\Desktop\Theatricus\Dependencies\aquila\tests\source\window\BlackmanWindow.cpp">
      <Filter>Source Files</Filter>
    </ClCompile>
    <ClCompile Include="C:\Users\Antoine\Desktop\Theatricus\Dependencies\aquila\tests\source\window\FlattopWindow.cpp">
      <Filter>Source Files</Filter>
    </ClCompile>
    <ClCompile Include="C:\Users\Antoine\Desktop\Theatricus\Dependencies\aquila\tests\source\window\GaussianWindow.cpp">
      <Filter>Source Files</Filter>
    </ClCompile>
    <ClCompile Include="C:\Users\Antoine\Desktop\Theatricus\Dependencies\aquila\tests\source\window\HammingWindow.cpp">
      <Filter>Source Files</Filter>
    </ClCompile>
    <ClCompile Include="C:\Users\Antoine\Desktop\Theatricus\Dependencies\aquila\tests\source\window\HannWindow.cpp">
      <Filter>Source Files</Filter>
    </ClCompile>
    <ClCompile Include="C:\Users\Antoine\Desktop\Theatricus\Dependencies\aquila\tests\source\window\RectangularWindow.cpp">
      <Filter>Source Files</Filter>
    </ClCompile>
    <ClCompile Include="C:\Users\Antoine\Desktop\Theatricus\Dependencies\aquila\tests\tools\TextPlot.cpp">
      <Filter>Source Files</Filter>
    </ClCompile>
    <ClCompile Include="C:\Users\Antoine\Desktop\Theatricus\Dependencies\aquila\tests\transform\AquilaFft.cpp">
      <Filter>Source Files</Filter>
    </ClCompile>
    <ClCompile Include="C:\Users\Antoine\Desktop\Theatricus\Dependencies\aquila\tests\transform\Dft.cpp">
      <Filter>Source Files</Filter>
    </ClCompile>
    <ClCompile Include="C:\Users\Antoine\Desktop\Theatricus\Dependencies\aquila\tests\transform\Fft.cpp">
      <Filter>Source Files</Filter>
    </ClCompile>
    <ClCompile Include="C:\Users\Antoine\Desktop\Theatricus\Dependencies\aquila\tests\transform\Mfcc.cpp">
      <Filter>Source Files</Filter>
    </ClCompile>
    <ClCompile Include="C:\Users\Antoine\Desktop\Theatricus\Dependencies\aquila\tests\transform\OouraFft.cpp">
      <Filter>Source Files</Filter>
    </ClCompile>
    <ClCompile Include="C:\Users\Antoine\Desktop\Theatricus\Dependencies\aquila\tests\transform\Dct.cpp">
      <Filter>Source Files</Filter>
    </ClCompile>
    <ClCompile Include="C:\Users\Antoine\Desktop\Theatricus\Dependencies\aquila\tests\transform\Spectrogram.cpp">
      <Filter>Source Files</Filter>
    </ClCompile>
  </ItemGroup>
  <ItemGroup>
    <ClInclude Include="C:\Users\Antoine\Desktop\Theatricus\Dependencies\aquila\tests\transform\Fft.h">
      <Filter>Header Files</Filter>
    </ClInclude>
  </ItemGroup>
  <ItemGroup>
    <CustomBuild Include="C:\Users\Antoine\Desktop\Theatricus\Dependencies\aquila\tests\CMakeLists.txt" />
  </ItemGroup>
  <ItemGroup>
    <Filter Include="Header Files">
      <UniqueIdentifier>{8D4F50E6-4D49-3D7A-A1ED-666A34F69382}</UniqueIdentifier>
    </Filter>
    <Filter Include="Source Files">
      <UniqueIdentifier>{15F6F49E-D3B5-3ABF-A86F-3D906F63A573}</UniqueIdentifier>
    </Filter>
  </ItemGroup>
</Project>
