<?xml version="1.0" encoding="utf-8"?>
<Project ToolsVersion="17.0" xmlns="http://schemas.microsoft.com/developer/msbuild/2003">
  <ItemGroup>
    <CustomBuild Include="C:\Users\Antoine\Desktop\Theatricus\Dependencies\aquila\CMakeFiles\e334adbdd14014552b04126c0e2df805\RUN_TESTS_force.rule">
      <Filter>CMake Rules</Filter>
    </CustomBuild>
  </ItemGroup>
  <ItemGroup>
    <Filter Include="CMake Rules">
      <UniqueIdentifier>{A7D2C437-41B1-3252-B20E-F461013C0F90}</UniqueIdentifier>
    </Filter>
  </ItemGroup>
</Project>
