
Microsoft Visual Studio Solution File, Format Version 12.00
# Visual Studio Version 17
Project("{8BC9CEB8-8B4A-11D0-8D11-00A0C91BC942}") = "ALL_BUILD", "ALL_BUILD.vcxproj", "{055A5B8C-EBCD-3B62-883C-4641998A8320}"
	ProjectSection(ProjectDependencies) = postProject
		{10B5B227-4B1E-395B-8D34-93D7E8F74BF4} = {10B5B227-4B1E-395B-8D34-93D7E8F74BF4}
		{27F92FCA-45C1-3E59-ACE5-D542E35A9D5A} = {27F92FCA-45C1-3E59-ACE5-D542E35A9D5A}
		{A3FD0743-9771-3301-BD45-133AFD282E02} = {A3FD0743-9771-3301-BD45-133AFD282E02}
	EndProjectSection
EndProject
Project("{8BC9CEB8-8B4A-11D0-8D11-00A0C91BC942}") = "INSTALL", "INSTALL.vcxproj", "{0DD12870-A731-3BC0-9CF6-6816F462510C}"
	ProjectSection(ProjectDependencies) = postProject
		{055A5B8C-EBCD-3B62-883C-4641998A8320} = {055A5B8C-EBCD-3B62-883C-4641998A8320}
		{A3FD0743-9771-3301-BD45-133AFD282E02} = {A3FD0743-9771-3301-BD45-133AFD282E02}
	EndProjectSection
EndProject
Project("{8BC9CEB8-8B4A-11D0-8D11-00A0C91BC942}") = "RUN_TESTS", "RUN_TESTS.vcxproj", "{134902A1-244F-3ADD-96BF-278601138C93}"
	ProjectSection(ProjectDependencies) = postProject
		{A3FD0743-9771-3301-BD45-133AFD282E02} = {A3FD0743-9771-3301-BD45-133AFD282E02}
	EndProjectSection
EndProject
Project("{8BC9CEB8-8B4A-11D0-8D11-00A0C91BC942}") = "TestUnitTest++", "TestUnitTest++.vcxproj", "{10B5B227-4B1E-395B-8D34-93D7E8F74BF4}"
	ProjectSection(ProjectDependencies) = postProject
		{27F92FCA-45C1-3E59-ACE5-D542E35A9D5A} = {27F92FCA-45C1-3E59-ACE5-D542E35A9D5A}
		{A3FD0743-9771-3301-BD45-133AFD282E02} = {A3FD0743-9771-3301-BD45-133AFD282E02}
	EndProjectSection
EndProject
Project("{8BC9CEB8-8B4A-11D0-8D11-00A0C91BC942}") = "UnitTest++", "UnitTest++.vcxproj", "{27F92FCA-45C1-3E59-ACE5-D542E35A9D5A}"
	ProjectSection(ProjectDependencies) = postProject
		{A3FD0743-9771-3301-BD45-133AFD282E02} = {A3FD0743-9771-3301-BD45-133AFD282E02}
	EndProjectSection
EndProject
Project("{8BC9CEB8-8B4A-11D0-8D11-00A0C91BC942}") = "ZERO_CHECK", "..\..\\ZERO_CHECK.vcxproj", "{A3FD0743-9771-3301-BD45-133AFD282E02}"
	ProjectSection(ProjectDependencies) = postProject
	EndProjectSection
EndProject
Project("{8BC9CEB8-8B4A-11D0-8D11-00A0C91BC942}") = "check", "check.vcxproj", "{3E621CF1-99D3-300D-9718-1DE65E1C2D40}"
	ProjectSection(ProjectDependencies) = postProject
		{10B5B227-4B1E-395B-8D34-93D7E8F74BF4} = {10B5B227-4B1E-395B-8D34-93D7E8F74BF4}
		{A3FD0743-9771-3301-BD45-133AFD282E02} = {A3FD0743-9771-3301-BD45-133AFD282E02}
	EndProjectSection
EndProject
Global
	GlobalSection(SolutionConfigurationPlatforms) = preSolution
		Debug|x64 = Debug|x64
		Release|x64 = Release|x64
		MinSizeRel|x64 = MinSizeRel|x64
		RelWithDebInfo|x64 = RelWithDebInfo|x64
	EndGlobalSection
	GlobalSection(ProjectConfigurationPlatforms) = postSolution
		{055A5B8C-EBCD-3B62-883C-4641998A8320}.Debug|x64.ActiveCfg = Debug|x64
		{055A5B8C-EBCD-3B62-883C-4641998A8320}.Debug|x64.Build.0 = Debug|x64
		{055A5B8C-EBCD-3B62-883C-4641998A8320}.Release|x64.ActiveCfg = Release|x64
		{055A5B8C-EBCD-3B62-883C-4641998A8320}.Release|x64.Build.0 = Release|x64
		{055A5B8C-EBCD-3B62-883C-4641998A8320}.MinSizeRel|x64.ActiveCfg = MinSizeRel|x64
		{055A5B8C-EBCD-3B62-883C-4641998A8320}.MinSizeRel|x64.Build.0 = MinSizeRel|x64
		{055A5B8C-EBCD-3B62-883C-4641998A8320}.RelWithDebInfo|x64.ActiveCfg = RelWithDebInfo|x64
		{055A5B8C-EBCD-3B62-883C-4641998A8320}.RelWithDebInfo|x64.Build.0 = RelWithDebInfo|x64
		{0DD12870-A731-3BC0-9CF6-6816F462510C}.Debug|x64.ActiveCfg = Debug|x64
		{0DD12870-A731-3BC0-9CF6-6816F462510C}.Release|x64.ActiveCfg = Release|x64
		{0DD12870-A731-3BC0-9CF6-6816F462510C}.MinSizeRel|x64.ActiveCfg = MinSizeRel|x64
		{0DD12870-A731-3BC0-9CF6-6816F462510C}.RelWithDebInfo|x64.ActiveCfg = RelWithDebInfo|x64
		{134902A1-244F-3ADD-96BF-278601138C93}.Debug|x64.ActiveCfg = Debug|x64
		{134902A1-244F-3ADD-96BF-278601138C93}.Release|x64.ActiveCfg = Release|x64
		{134902A1-244F-3ADD-96BF-278601138C93}.MinSizeRel|x64.ActiveCfg = MinSizeRel|x64
		{134902A1-244F-3ADD-96BF-278601138C93}.RelWithDebInfo|x64.ActiveCfg = RelWithDebInfo|x64
		{10B5B227-4B1E-395B-8D34-93D7E8F74BF4}.Debug|x64.ActiveCfg = Debug|x64
		{10B5B227-4B1E-395B-8D34-93D7E8F74BF4}.Debug|x64.Build.0 = Debug|x64
		{10B5B227-4B1E-395B-8D34-93D7E8F74BF4}.Release|x64.ActiveCfg = Release|x64
		{10B5B227-4B1E-395B-8D34-93D7E8F74BF4}.Release|x64.Build.0 = Release|x64
		{10B5B227-4B1E-395B-8D34-93D7E8F74BF4}.MinSizeRel|x64.ActiveCfg = MinSizeRel|x64
		{10B5B227-4B1E-395B-8D34-93D7E8F74BF4}.MinSizeRel|x64.Build.0 = MinSizeRel|x64
		{10B5B227-4B1E-395B-8D34-93D7E8F74BF4}.RelWithDebInfo|x64.ActiveCfg = RelWithDebInfo|x64
		{10B5B227-4B1E-395B-8D34-93D7E8F74BF4}.RelWithDebInfo|x64.Build.0 = RelWithDebInfo|x64
		{27F92FCA-45C1-3E59-ACE5-D542E35A9D5A}.Debug|x64.ActiveCfg = Debug|x64
		{27F92FCA-45C1-3E59-ACE5-D542E35A9D5A}.Debug|x64.Build.0 = Debug|x64
		{27F92FCA-45C1-3E59-ACE5-D542E35A9D5A}.Release|x64.ActiveCfg = Release|x64
		{27F92FCA-45C1-3E59-ACE5-D542E35A9D5A}.Release|x64.Build.0 = Release|x64
		{27F92FCA-45C1-3E59-ACE5-D542E35A9D5A}.MinSizeRel|x64.ActiveCfg = MinSizeRel|x64
		{27F92FCA-45C1-3E59-ACE5-D542E35A9D5A}.MinSizeRel|x64.Build.0 = MinSizeRel|x64
		{27F92FCA-45C1-3E59-ACE5-D542E35A9D5A}.RelWithDebInfo|x64.ActiveCfg = RelWithDebInfo|x64
		{27F92FCA-45C1-3E59-ACE5-D542E35A9D5A}.RelWithDebInfo|x64.Build.0 = RelWithDebInfo|x64
		{A3FD0743-9771-3301-BD45-133AFD282E02}.Debug|x64.ActiveCfg = Debug|x64
		{A3FD0743-9771-3301-BD45-133AFD282E02}.Debug|x64.Build.0 = Debug|x64
		{A3FD0743-9771-3301-BD45-133AFD282E02}.Release|x64.ActiveCfg = Release|x64
		{A3FD0743-9771-3301-BD45-133AFD282E02}.Release|x64.Build.0 = Release|x64
		{A3FD0743-9771-3301-BD45-133AFD282E02}.MinSizeRel|x64.ActiveCfg = MinSizeRel|x64
		{A3FD0743-9771-3301-BD45-133AFD282E02}.MinSizeRel|x64.Build.0 = MinSizeRel|x64
		{A3FD0743-9771-3301-BD45-133AFD282E02}.RelWithDebInfo|x64.ActiveCfg = RelWithDebInfo|x64
		{A3FD0743-9771-3301-BD45-133AFD282E02}.RelWithDebInfo|x64.Build.0 = RelWithDebInfo|x64
		{3E621CF1-99D3-300D-9718-1DE65E1C2D40}.Debug|x64.ActiveCfg = Debug|x64
		{3E621CF1-99D3-300D-9718-1DE65E1C2D40}.Release|x64.ActiveCfg = Release|x64
		{3E621CF1-99D3-300D-9718-1DE65E1C2D40}.MinSizeRel|x64.ActiveCfg = MinSizeRel|x64
		{3E621CF1-99D3-300D-9718-1DE65E1C2D40}.RelWithDebInfo|x64.ActiveCfg = RelWithDebInfo|x64
	EndGlobalSection
	GlobalSection(ExtensibilityGlobals) = postSolution
		SolutionGuid = {FDDC5C0F-4496-340E-A634-3E25E4DE0289}
	EndGlobalSection
	GlobalSection(ExtensibilityAddIns) = postSolution
	EndGlobalSection
EndGlobal
